
Microsoft Visual Studio Solution File, Format Version 12.00
# Visual Studio Version 17
VisualStudioVersion = 17.3.32819.101
MinimumVisualStudioVersion = 10.0.40219.1
Project("{FAE04EC0-301F-11D3-BF4B-00C04F79EFBC}") = "cadastro", "cadastro\cadastro.csproj", "{994538C3-B3D8-4D8E-BC57-DD2A3CD6B7C4}"
EndProject
Global
	GlobalSection(SolutionConfigurationPlatforms) = preSolution
		Debug|Any CPU = Debug|Any CPU
		Release|Any CPU = Release|Any CPU
	EndGlobalSection
	GlobalSection(ProjectConfigurationPlatforms) = postSolution
		{994538C3-B3D8-4D8E-BC57-DD2A3CD6B7C4}.Debug|Any CPU.ActiveCfg = Debug|Any CPU
		{994538C3-B3D8-4D8E-BC57-DD2A3CD6B7C4}.Debug|Any CPU.Build.0 = Debug|Any CPU
		{994538C3-B3D8-4D8E-BC57-DD2A3CD6B7C4}.Release|Any CPU.ActiveCfg = Release|Any CPU
		{994538C3-B3D8-4D8E-BC57-DD2A3CD6B7C4}.Release|Any CPU.Build.0 = Release|Any CPU
	EndGlobalSection
	GlobalSection(SolutionProperties) = preSolution
		HideSolutionNode = FALSE
	EndGlobalSection
	GlobalSection(ExtensibilityGlobals) = postSolution
		SolutionGuid = {A2A356ED-3ACE-4E8B-B34F-9D40900AA083}
	EndGlobalSection
EndGlobal
